# This file is automatically @generated by Cargo.
# It is not intended for manual editing.
version = 4

[[package]]
name = "colors-transform"
version = "0.2.11"
source = "registry+https://github.com/rust-lang/crates.io-index"
checksum = "9226dbc05df4fb986f48d730b001532580883c4c06c5d1c213f4b34c1c157178"

[[package]]
name = "gradraw"
version = "0.1.0"
dependencies = [
 "colors-transform",
]
